
Microsoft Visual Studio Solution File, Format Version 12.00
# Visual Studio Version 17
VisualStudioVersion = 17.0.31903.59
MinimumVisualStudioVersion = 10.0.40219.1
Project("{2150E333-8FDC-42A3-9474-1A3956D46DE8}") = "0. Solution Items", "0. Solution Items", "{EC6FFF14-2D83-4A4C-9D49-25F97EE8BD1B}"
	ProjectSection(SolutionItems) = preProject
		.editorconfig = .editorconfig
		.gitignore = .gitignore
		CODE_OF_CONDUCT.md = CODE_OF_CONDUCT.md
		CONTRIBUTING.md = CONTRIBUTING.md
		.github\workflows\dotnet.yml = .github\workflows\dotnet.yml
		.github\workflows\formatting.yml = .github\workflows\formatting.yml
		global.json = global.json
		LICENSE.txt = LICENSE.txt
		README.md = README.md
		SECURITY.md = SECURITY.md
		.github\workflows\todos-to-issues.yml = .github\workflows\todos-to-issues.yml
	EndProjectSection
EndProject
Project("{2150E333-8FDC-42A3-9474-1A3956D46DE8}") = "1. Source", "1. Source", "{CD915147-2113-4CB2-91F5-CCFFD849597C}"
EndProject
Project("{9A19103F-16F7-4668-BE54-9A1E7A4F7556}") = "BlazorBlogs", "src\BlazorBlogs\BlazorBlogs\BlazorBlogs.csproj", "{3CE7D994-2036-419D-A501-1F6CE7FDD351}"
EndProject
Project("{9A19103F-16F7-4668-BE54-9A1E7A4F7556}") = "BlazorBlogs.Client", "src\BlazorBlogs\BlazorBlogs.Client\BlazorBlogs.Client.csproj", "{6FC5BE71-45B6-48A8-B469-E1AFC0F16EE2}"
EndProject
Project("{2150E333-8FDC-42A3-9474-1A3956D46DE8}") = "2. Tests", "2. Tests", "{7B6DC022-F054-4429-BDB3-9424AE049348}"
EndProject
Project("{9A19103F-16F7-4668-BE54-9A1E7A4F7556}") = "BlazorBlogs.Tests.Unit", "src\BlazorBlogs.Tests.Unit\BlazorBlogs.Tests.Unit.csproj", "{503110CF-7B0A-4960-BC95-693AE0B11987}"
EndProject
Project("{9A19103F-16F7-4668-BE54-9A1E7A4F7556}") = "BlazorBlogs.Tests.BUnit", "src\BlazorBlogs.Tests.BUnit\BlazorBlogs.Tests.BUnit.csproj", "{B490BB60-2061-4749-A48A-6F9CA678C41E}"
EndProject
Project("{9A19103F-16F7-4668-BE54-9A1E7A4F7556}") = "BlazorBlogs.Tests.Integration", "src\BlazorBlogs.Tests.Integration\BlazorBlogs.Tests.Integration.csproj", "{F424A41C-B895-4FBB-A014-97A5B72881B8}"
EndProject
Project("{9A19103F-16F7-4668-BE54-9A1E7A4F7556}") = "BlazorBlogs.Tests.Web", "src\BlazorBlogs.Tests.Web\BlazorBlogs.Tests.Web.csproj", "{C9098291-1A7D-46C6-B843-68141DC9F3C8}"
EndProject
Project("{9A19103F-16F7-4668-BE54-9A1E7A4F7556}") = "TestingSupport.Library", "src\TestingSupport.Library\TestingSupport.Library.csproj", "{4E0A5590-EA79-42E1-A53E-FAA684746BBC}"
EndProject
Global
	GlobalSection(SolutionConfigurationPlatforms) = preSolution
		Debug|Any CPU = Debug|Any CPU
		Release|Any CPU = Release|Any CPU
	EndGlobalSection
	GlobalSection(ProjectConfigurationPlatforms) = postSolution
		{3CE7D994-2036-419D-A501-1F6CE7FDD351}.Debug|Any CPU.ActiveCfg = Debug|Any CPU
		{3CE7D994-2036-419D-A501-1F6CE7FDD351}.Debug|Any CPU.Build.0 = Debug|Any CPU
		{3CE7D994-2036-419D-A501-1F6CE7FDD351}.Release|Any CPU.ActiveCfg = Release|Any CPU
		{3CE7D994-2036-419D-A501-1F6CE7FDD351}.Release|Any CPU.Build.0 = Release|Any CPU
		{6FC5BE71-45B6-48A8-B469-E1AFC0F16EE2}.Debug|Any CPU.ActiveCfg = Debug|Any CPU
		{6FC5BE71-45B6-48A8-B469-E1AFC0F16EE2}.Debug|Any CPU.Build.0 = Debug|Any CPU
		{6FC5BE71-45B6-48A8-B469-E1AFC0F16EE2}.Release|Any CPU.ActiveCfg = Release|Any CPU
		{6FC5BE71-45B6-48A8-B469-E1AFC0F16EE2}.Release|Any CPU.Build.0 = Release|Any CPU
		{503110CF-7B0A-4960-BC95-693AE0B11987}.Debug|Any CPU.ActiveCfg = Debug|Any CPU
		{503110CF-7B0A-4960-BC95-693AE0B11987}.Debug|Any CPU.Build.0 = Debug|Any CPU
		{503110CF-7B0A-4960-BC95-693AE0B11987}.Release|Any CPU.ActiveCfg = Release|Any CPU
		{503110CF-7B0A-4960-BC95-693AE0B11987}.Release|Any CPU.Build.0 = Release|Any CPU
		{B490BB60-2061-4749-A48A-6F9CA678C41E}.Debug|Any CPU.ActiveCfg = Debug|Any CPU
		{B490BB60-2061-4749-A48A-6F9CA678C41E}.Debug|Any CPU.Build.0 = Debug|Any CPU
		{B490BB60-2061-4749-A48A-6F9CA678C41E}.Release|Any CPU.ActiveCfg = Release|Any CPU
		{B490BB60-2061-4749-A48A-6F9CA678C41E}.Release|Any CPU.Build.0 = Release|Any CPU
		{F424A41C-B895-4FBB-A014-97A5B72881B8}.Debug|Any CPU.ActiveCfg = Debug|Any CPU
		{F424A41C-B895-4FBB-A014-97A5B72881B8}.Debug|Any CPU.Build.0 = Debug|Any CPU
		{F424A41C-B895-4FBB-A014-97A5B72881B8}.Release|Any CPU.ActiveCfg = Release|Any CPU
		{F424A41C-B895-4FBB-A014-97A5B72881B8}.Release|Any CPU.Build.0 = Release|Any CPU
		{C9098291-1A7D-46C6-B843-68141DC9F3C8}.Debug|Any CPU.ActiveCfg = Debug|Any CPU
		{C9098291-1A7D-46C6-B843-68141DC9F3C8}.Debug|Any CPU.Build.0 = Debug|Any CPU
		{C9098291-1A7D-46C6-B843-68141DC9F3C8}.Release|Any CPU.ActiveCfg = Release|Any CPU
		{C9098291-1A7D-46C6-B843-68141DC9F3C8}.Release|Any CPU.Build.0 = Release|Any CPU
		{4E0A5590-EA79-42E1-A53E-FAA684746BBC}.Debug|Any CPU.ActiveCfg = Debug|Any CPU
		{4E0A5590-EA79-42E1-A53E-FAA684746BBC}.Debug|Any CPU.Build.0 = Debug|Any CPU
		{4E0A5590-EA79-42E1-A53E-FAA684746BBC}.Release|Any CPU.ActiveCfg = Release|Any CPU
		{4E0A5590-EA79-42E1-A53E-FAA684746BBC}.Release|Any CPU.Build.0 = Release|Any CPU
	EndGlobalSection
	GlobalSection(SolutionProperties) = preSolution
		HideSolutionNode = FALSE
	EndGlobalSection
	GlobalSection(NestedProjects) = preSolution
		{3CE7D994-2036-419D-A501-1F6CE7FDD351} = {CD915147-2113-4CB2-91F5-CCFFD849597C}
		{6FC5BE71-45B6-48A8-B469-E1AFC0F16EE2} = {CD915147-2113-4CB2-91F5-CCFFD849597C}
		{503110CF-7B0A-4960-BC95-693AE0B11987} = {7B6DC022-F054-4429-BDB3-9424AE049348}
		{B490BB60-2061-4749-A48A-6F9CA678C41E} = {7B6DC022-F054-4429-BDB3-9424AE049348}
		{F424A41C-B895-4FBB-A014-97A5B72881B8} = {7B6DC022-F054-4429-BDB3-9424AE049348}
		{C9098291-1A7D-46C6-B843-68141DC9F3C8} = {7B6DC022-F054-4429-BDB3-9424AE049348}
		{4E0A5590-EA79-42E1-A53E-FAA684746BBC} = {7B6DC022-F054-4429-BDB3-9424AE049348}
	EndGlobalSection
	GlobalSection(ExtensibilityGlobals) = postSolution
		SolutionGuid = {5C35FF32-67F6-4C09-8D7B-E4D3326FDF36}
	EndGlobalSection
EndGlobal
