
Microsoft Visual Studio Solution File, Format Version 12.00
# Visual Studio Version 17
VisualStudioVersion = 17.0.31903.59
MinimumVisualStudioVersion = 10.0.40219.1
Project("{2150E333-8FDC-42A3-9474-1A3956D46DE8}") = "0. Solution Items", "0. Solution Items", "{EC6FFF14-2D83-4A4C-9D49-25F97EE8BD1B}"
	ProjectSection(SolutionItems) = preProject
		.editorconfig = .editorconfig
		.gitignore = .gitignore
		CODE_OF_CONDUCT.md = CODE_OF_CONDUCT.md
		CONTRIBUTING.md = CONTRIBUTING.md
		global.json = global.json
		LICENSE.txt = LICENSE.txt
		README.md = README.md
		SECURITY.md = SECURITY.md
	EndProjectSection
EndProject
Project("{2150E333-8FDC-42A3-9474-1A3956D46DE8}") = "1. Source", "1. Source", "{CD915147-2113-4CB2-91F5-CCFFD849597C}"
EndProject
Project("{FAE04EC0-301F-11D3-BF4B-00C04F79EFBC}") = "BlazorBlogs", "src\BlazorBlogs\BlazorBlogs\BlazorBlogs.csproj", "{3CE7D994-2036-419D-A501-1F6CE7FDD351}"
EndProject
Project("{FAE04EC0-301F-11D3-BF4B-00C04F79EFBC}") = "BlazorBlogs.Client", "src\BlazorBlogs\BlazorBlogs.Client\BlazorBlogs.Client.csproj", "{6FC5BE71-45B6-48A8-B469-E1AFC0F16EE2}"
EndProject
Project("{2150E333-8FDC-42A3-9474-1A3956D46DE8}") = "2. Tests", "2. Tests", "{7B6DC022-F054-4429-BDB3-9424AE049348}"
EndProject
Project("{FAE04EC0-301F-11D3-BF4B-00C04F79EFBC}") = "BlazorBlogs.Tests.Unit", "src\BlazorBlogs.Tests.Unit\BlazorBlogs.Tests.Unit.csproj", "{503110CF-7B0A-4960-BC95-693AE0B11987}"
EndProject
Global
	GlobalSection(SolutionConfigurationPlatforms) = preSolution
		Debug|Any CPU = Debug|Any CPU
		Release|Any CPU = Release|Any CPU
	EndGlobalSection
	GlobalSection(ProjectConfigurationPlatforms) = postSolution
		{3CE7D994-2036-419D-A501-1F6CE7FDD351}.Debug|Any CPU.ActiveCfg = Debug|Any CPU
		{3CE7D994-2036-419D-A501-1F6CE7FDD351}.Debug|Any CPU.Build.0 = Debug|Any CPU
		{3CE7D994-2036-419D-A501-1F6CE7FDD351}.Release|Any CPU.ActiveCfg = Release|Any CPU
		{3CE7D994-2036-419D-A501-1F6CE7FDD351}.Release|Any CPU.Build.0 = Release|Any CPU
		{6FC5BE71-45B6-48A8-B469-E1AFC0F16EE2}.Debug|Any CPU.ActiveCfg = Debug|Any CPU
		{6FC5BE71-45B6-48A8-B469-E1AFC0F16EE2}.Debug|Any CPU.Build.0 = Debug|Any CPU
		{6FC5BE71-45B6-48A8-B469-E1AFC0F16EE2}.Release|Any CPU.ActiveCfg = Release|Any CPU
		{6FC5BE71-45B6-48A8-B469-E1AFC0F16EE2}.Release|Any CPU.Build.0 = Release|Any CPU
		{503110CF-7B0A-4960-BC95-693AE0B11987}.Debug|Any CPU.ActiveCfg = Debug|Any CPU
		{503110CF-7B0A-4960-BC95-693AE0B11987}.Debug|Any CPU.Build.0 = Debug|Any CPU
		{503110CF-7B0A-4960-BC95-693AE0B11987}.Release|Any CPU.ActiveCfg = Release|Any CPU
		{503110CF-7B0A-4960-BC95-693AE0B11987}.Release|Any CPU.Build.0 = Release|Any CPU
	EndGlobalSection
	GlobalSection(SolutionProperties) = preSolution
		HideSolutionNode = FALSE
	EndGlobalSection
	GlobalSection(NestedProjects) = preSolution
		{3CE7D994-2036-419D-A501-1F6CE7FDD351} = {CD915147-2113-4CB2-91F5-CCFFD849597C}
		{6FC5BE71-45B6-48A8-B469-E1AFC0F16EE2} = {CD915147-2113-4CB2-91F5-CCFFD849597C}
		{503110CF-7B0A-4960-BC95-693AE0B11987} = {7B6DC022-F054-4429-BDB3-9424AE049348}
	EndGlobalSection
	GlobalSection(ExtensibilityGlobals) = postSolution
		SolutionGuid = {5C35FF32-67F6-4C09-8D7B-E4D3326FDF36}
	EndGlobalSection
EndGlobal
